// !$*UTF8*$!
{
	archiveVersion = 1;
	classes = {
	};
	objectVersion = 51;
	objects = {

/* Begin PBXBuildFile section */
		01518AF753B55473FE97066B /* Pods_Translates.framework in Frameworks */ = {isa = PBXBuildFile; fileRef = FF01BA57E561B542872D3E17 /* Pods_Translates.framework */; };
		ED4B607226FF4DFE005A1352 /* Assets.xcassets in Resources */ = {isa = PBXBuildFile; fileRef = ED4B607126FF4DFE005A1352 /* Assets.xcassets */; };
		ED4B607526FF4DFE005A1352 /* LaunchScreen.storyboard in Resources */ = {isa = PBXBuildFile; fileRef = ED4B607326FF4DFE005A1352 /* LaunchScreen.storyboard */; };
		ED4B60A926FF7089005A1352 /* AppCoordinator.swift in Sources */ = {isa = PBXBuildFile; fileRef = ED4B609926FF7089005A1352 /* AppCoordinator.swift */; };
		ED4B60AA26FF7089005A1352 /* CoordinatorFactoryProtocol.swift in Sources */ = {isa = PBXBuildFile; fileRef = ED4B609A26FF7089005A1352 /* CoordinatorFactoryProtocol.swift */; };
		ED4B60AB26FF7089005A1352 /* MainViewProtocol.swift in Sources */ = {isa = PBXBuildFile; fileRef = ED4B609B26FF7089005A1352 /* MainViewProtocol.swift */; };
		ED4B60AC26FF7089005A1352 /* MainViewController.swift in Sources */ = {isa = PBXBuildFile; fileRef = ED4B609C26FF7089005A1352 /* MainViewController.swift */; };
		ED4B60AD26FF7089005A1352 /* Routable.swift in Sources */ = {isa = PBXBuildFile; fileRef = ED4B609D26FF7089005A1352 /* Routable.swift */; };
		ED4B60AE26FF7089005A1352 /* Presentable.swift in Sources */ = {isa = PBXBuildFile; fileRef = ED4B609E26FF7089005A1352 /* Presentable.swift */; };
		ED4B60AF26FF7089005A1352 /* RootFactory.swift in Sources */ = {isa = PBXBuildFile; fileRef = ED4B609F26FF7089005A1352 /* RootFactory.swift */; };
		ED4B60B026FF7089005A1352 /* Coordinatable.swift in Sources */ = {isa = PBXBuildFile; fileRef = ED4B60A026FF7089005A1352 /* Coordinatable.swift */; };
		ED4B60B126FF7089005A1352 /* Blocks.swift in Sources */ = {isa = PBXBuildFile; fileRef = ED4B60A126FF7089005A1352 /* Blocks.swift */; };
		ED4B60B226FF7089005A1352 /* ModulesFactory.swift in Sources */ = {isa = PBXBuildFile; fileRef = ED4B60A226FF7089005A1352 /* ModulesFactory.swift */; };
		ED4B60B326FF7089005A1352 /* Router.swift in Sources */ = {isa = PBXBuildFile; fileRef = ED4B60A326FF7089005A1352 /* Router.swift */; };
		ED4B60B426FF7089005A1352 /* RootCoordinatorOutput.swift in Sources */ = {isa = PBXBuildFile; fileRef = ED4B60A426FF7089005A1352 /* RootCoordinatorOutput.swift */; };
		ED4B60B526FF7089005A1352 /* BaseCoordinator.swift in Sources */ = {isa = PBXBuildFile; fileRef = ED4B60A526FF7089005A1352 /* BaseCoordinator.swift */; };
		ED4B60B626FF7089005A1352 /* RootCoordinator.swift in Sources */ = {isa = PBXBuildFile; fileRef = ED4B60A626FF7089005A1352 /* RootCoordinator.swift */; };
		ED4B60B726FF7089005A1352 /* CoordinatorFactory.swift in Sources */ = {isa = PBXBuildFile; fileRef = ED4B60A726FF7089005A1352 /* CoordinatorFactory.swift */; };
		ED4B60B826FF7089005A1352 /* BaseViewProtocol.swift in Sources */ = {isa = PBXBuildFile; fileRef = ED4B60A826FF7089005A1352 /* BaseViewProtocol.swift */; };
		ED4B60C026FF7229005A1352 /* AppDelegate.swift in Sources */ = {isa = PBXBuildFile; fileRef = ED4B60BF26FF7229005A1352 /* AppDelegate.swift */; };
		ED4B60D826FF72B9005A1352 /* UIView+Extensions.swift in Sources */ = {isa = PBXBuildFile; fileRef = ED4B60D126FF72B9005A1352 /* UIView+Extensions.swift */; };
		ED4B60D926FF72B9005A1352 /* NavigationTitleView.swift in Sources */ = {isa = PBXBuildFile; fileRef = ED4B60D226FF72B9005A1352 /* NavigationTitleView.swift */; };
		ED4B60DA26FF72B9005A1352 /* BasePresenterOutput.swift in Sources */ = {isa = PBXBuildFile; fileRef = ED4B60D326FF72B9005A1352 /* BasePresenterOutput.swift */; };
		ED4B60DB26FF72B9005A1352 /* UINavigatoionBar+Extension.swift in Sources */ = {isa = PBXBuildFile; fileRef = ED4B60D426FF72B9005A1352 /* UINavigatoionBar+Extension.swift */; };
		ED4B60DC26FF72B9005A1352 /* BaseNavigationController.swift in Sources */ = {isa = PBXBuildFile; fileRef = ED4B60D526FF72B9005A1352 /* BaseNavigationController.swift */; };
		ED4B60DD26FF72B9005A1352 /* Colors.swift in Sources */ = {isa = PBXBuildFile; fileRef = ED4B60D626FF72B9005A1352 /* Colors.swift */; };
		ED4B60DE26FF72B9005A1352 /* BaseView.swift in Sources */ = {isa = PBXBuildFile; fileRef = ED4B60D726FF72B9005A1352 /* BaseView.swift */; };
		ED4B60E926FF73A0005A1352 /* BaseViewController.swift in Sources */ = {isa = PBXBuildFile; fileRef = ED4B60E426FF73A0005A1352 /* BaseViewController.swift */; };
		ED4B60EB26FF73A0005A1352 /* UIViewController+Extension.swift in Sources */ = {isa = PBXBuildFile; fileRef = ED4B60E626FF73A0005A1352 /* UIViewController+Extension.swift */; };
		ED4B60EC26FF73A0005A1352 /* Localizable.strings in Resources */ = {isa = PBXBuildFile; fileRef = ED4B60E726FF73A0005A1352 /* Localizable.strings */; };
		ED4B60ED26FF73A0005A1352 /* String+Extension.swift in Sources */ = {isa = PBXBuildFile; fileRef = ED4B60E826FF73A0005A1352 /* String+Extension.swift */; };
		ED4B60F126FF7461005A1352 /* NavigationItemManager.swift in Sources */ = {isa = PBXBuildFile; fileRef = ED4B60EF26FF7461005A1352 /* NavigationItemManager.swift */; };
/* End PBXBuildFile section */

/* Begin PBXFileReference section */
		471FF03AEA1743760A8B2D05 /* Pods-Translates.debug.xcconfig */ = {isa = PBXFileReference; includeInIndex = 1; lastKnownFileType = text.xcconfig; name = "Pods-Translates.debug.xcconfig"; path = "Target Support Files/Pods-Translates/Pods-Translates.debug.xcconfig"; sourceTree = "<group>"; };
		B46451A0E03E9661C246A6E7 /* Pods-Translates.release.xcconfig */ = {isa = PBXFileReference; includeInIndex = 1; lastKnownFileType = text.xcconfig; name = "Pods-Translates.release.xcconfig"; path = "Target Support Files/Pods-Translates/Pods-Translates.release.xcconfig"; sourceTree = "<group>"; };
		ED4B606826FF4DFA005A1352 /* Translates.app */ = {isa = PBXFileReference; explicitFileType = wrapper.application; includeInIndex = 0; path = Translates.app; sourceTree = BUILT_PRODUCTS_DIR; };
		ED4B607126FF4DFE005A1352 /* Assets.xcassets */ = {isa = PBXFileReference; lastKnownFileType = folder.assetcatalog; path = Assets.xcassets; sourceTree = "<group>"; };
		ED4B607426FF4DFE005A1352 /* Base */ = {isa = PBXFileReference; lastKnownFileType = file.storyboard; name = Base; path = Base.lproj/LaunchScreen.storyboard; sourceTree = "<group>"; };
		ED4B607626FF4DFE005A1352 /* Info.plist */ = {isa = PBXFileReference; lastKnownFileType = text.plist.xml; path = Info.plist; sourceTree = "<group>"; };
		ED4B609926FF7089005A1352 /* AppCoordinator.swift */ = {isa = PBXFileReference; lastKnownFileType = sourcecode.swift; path = AppCoordinator.swift; sourceTree = "<group>"; };
		ED4B609A26FF7089005A1352 /* CoordinatorFactoryProtocol.swift */ = {isa = PBXFileReference; lastKnownFileType = sourcecode.swift; path = CoordinatorFactoryProtocol.swift; sourceTree = "<group>"; };
		ED4B609B26FF7089005A1352 /* MainViewProtocol.swift */ = {isa = PBXFileReference; lastKnownFileType = sourcecode.swift; path = MainViewProtocol.swift; sourceTree = "<group>"; };
		ED4B609C26FF7089005A1352 /* MainViewController.swift */ = {isa = PBXFileReference; lastKnownFileType = sourcecode.swift; path = MainViewController.swift; sourceTree = "<group>"; };
		ED4B609D26FF7089005A1352 /* Routable.swift */ = {isa = PBXFileReference; lastKnownFileType = sourcecode.swift; path = Routable.swift; sourceTree = "<group>"; };
		ED4B609E26FF7089005A1352 /* Presentable.swift */ = {isa = PBXFileReference; lastKnownFileType = sourcecode.swift; path = Presentable.swift; sourceTree = "<group>"; };
		ED4B609F26FF7089005A1352 /* RootFactory.swift */ = {isa = PBXFileReference; lastKnownFileType = sourcecode.swift; path = RootFactory.swift; sourceTree = "<group>"; };
		ED4B60A026FF7089005A1352 /* Coordinatable.swift */ = {isa = PBXFileReference; lastKnownFileType = sourcecode.swift; path = Coordinatable.swift; sourceTree = "<group>"; };
		ED4B60A126FF7089005A1352 /* Blocks.swift */ = {isa = PBXFileReference; lastKnownFileType = sourcecode.swift; path = Blocks.swift; sourceTree = "<group>"; };
		ED4B60A226FF7089005A1352 /* ModulesFactory.swift */ = {isa = PBXFileReference; lastKnownFileType = sourcecode.swift; path = ModulesFactory.swift; sourceTree = "<group>"; };
		ED4B60A326FF7089005A1352 /* Router.swift */ = {isa = PBXFileReference; lastKnownFileType = sourcecode.swift; path = Router.swift; sourceTree = "<group>"; };
		ED4B60A426FF7089005A1352 /* RootCoordinatorOutput.swift */ = {isa = PBXFileReference; lastKnownFileType = sourcecode.swift; path = RootCoordinatorOutput.swift; sourceTree = "<group>"; };
		ED4B60A526FF7089005A1352 /* BaseCoordinator.swift */ = {isa = PBXFileReference; lastKnownFileType = sourcecode.swift; path = BaseCoordinator.swift; sourceTree = "<group>"; };
		ED4B60A626FF7089005A1352 /* RootCoordinator.swift */ = {isa = PBXFileReference; lastKnownFileType = sourcecode.swift; path = RootCoordinator.swift; sourceTree = "<group>"; };
		ED4B60A726FF7089005A1352 /* CoordinatorFactory.swift */ = {isa = PBXFileReference; lastKnownFileType = sourcecode.swift; path = CoordinatorFactory.swift; sourceTree = "<group>"; };
		ED4B60A826FF7089005A1352 /* BaseViewProtocol.swift */ = {isa = PBXFileReference; lastKnownFileType = sourcecode.swift; path = BaseViewProtocol.swift; sourceTree = "<group>"; };
		ED4B60BF26FF7229005A1352 /* AppDelegate.swift */ = {isa = PBXFileReference; lastKnownFileType = sourcecode.swift; path = AppDelegate.swift; sourceTree = "<group>"; };
		ED4B60D126FF72B9005A1352 /* UIView+Extensions.swift */ = {isa = PBXFileReference; lastKnownFileType = sourcecode.swift; path = "UIView+Extensions.swift"; sourceTree = "<group>"; };
		ED4B60D226FF72B9005A1352 /* NavigationTitleView.swift */ = {isa = PBXFileReference; lastKnownFileType = sourcecode.swift; path = NavigationTitleView.swift; sourceTree = "<group>"; };
		ED4B60D326FF72B9005A1352 /* BasePresenterOutput.swift */ = {isa = PBXFileReference; lastKnownFileType = sourcecode.swift; path = BasePresenterOutput.swift; sourceTree = "<group>"; };
		ED4B60D426FF72B9005A1352 /* UINavigatoionBar+Extension.swift */ = {isa = PBXFileReference; lastKnownFileType = sourcecode.swift; path = "UINavigatoionBar+Extension.swift"; sourceTree = "<group>"; };
		ED4B60D526FF72B9005A1352 /* BaseNavigationController.swift */ = {isa = PBXFileReference; lastKnownFileType = sourcecode.swift; path = BaseNavigationController.swift; sourceTree = "<group>"; };
		ED4B60D626FF72B9005A1352 /* Colors.swift */ = {isa = PBXFileReference; lastKnownFileType = sourcecode.swift; path = Colors.swift; sourceTree = "<group>"; };
		ED4B60D726FF72B9005A1352 /* BaseView.swift */ = {isa = PBXFileReference; lastKnownFileType = sourcecode.swift; path = BaseView.swift; sourceTree = "<group>"; };
		ED4B60E426FF73A0005A1352 /* BaseViewController.swift */ = {isa = PBXFileReference; lastKnownFileType = sourcecode.swift; path = BaseViewController.swift; sourceTree = "<group>"; };
		ED4B60E626FF73A0005A1352 /* UIViewController+Extension.swift */ = {isa = PBXFileReference; lastKnownFileType = sourcecode.swift; path = "UIViewController+Extension.swift"; sourceTree = "<group>"; };
		ED4B60E726FF73A0005A1352 /* Localizable.strings */ = {isa = PBXFileReference; lastKnownFileType = text.plist.strings; path = Localizable.strings; sourceTree = "<group>"; };
		ED4B60E826FF73A0005A1352 /* String+Extension.swift */ = {isa = PBXFileReference; lastKnownFileType = sourcecode.swift; path = "String+Extension.swift"; sourceTree = "<group>"; };
		ED4B60EF26FF7461005A1352 /* NavigationItemManager.swift */ = {isa = PBXFileReference; lastKnownFileType = sourcecode.swift; path = NavigationItemManager.swift; sourceTree = "<group>"; };
		FF01BA57E561B542872D3E17 /* Pods_Translates.framework */ = {isa = PBXFileReference; explicitFileType = wrapper.framework; includeInIndex = 0; path = Pods_Translates.framework; sourceTree = BUILT_PRODUCTS_DIR; };
/* End PBXFileReference section */

/* Begin PBXFrameworksBuildPhase section */
		ED4B606526FF4DFA005A1352 /* Frameworks */ = {
			isa = PBXFrameworksBuildPhase;
			buildActionMask = 2147483647;
			files = (
				01518AF753B55473FE97066B /* Pods_Translates.framework in Frameworks */,
			);
			runOnlyForDeploymentPostprocessing = 0;
		};
/* End PBXFrameworksBuildPhase section */

/* Begin PBXGroup section */
		1F532E4CFE413B73C526CAD9 /* Pods */ = {
			isa = PBXGroup;
			children = (
				471FF03AEA1743760A8B2D05 /* Pods-Translates.debug.xcconfig */,
				B46451A0E03E9661C246A6E7 /* Pods-Translates.release.xcconfig */,
			);
			path = Pods;
			sourceTree = "<group>";
		};
		3D3F80F0B47AB2081C23001E /* Frameworks */ = {
			isa = PBXGroup;
			children = (
				FF01BA57E561B542872D3E17 /* Pods_Translates.framework */,
			);
			name = Frameworks;
			sourceTree = "<group>";
		};
		ED4B605F26FF4DFA005A1352 = {
			isa = PBXGroup;
			children = (
				ED4B606A26FF4DFA005A1352 /* Translates */,
				ED4B606926FF4DFA005A1352 /* Products */,
				1F532E4CFE413B73C526CAD9 /* Pods */,
				3D3F80F0B47AB2081C23001E /* Frameworks */,
			);
			sourceTree = "<group>";
		};
		ED4B606926FF4DFA005A1352 /* Products */ = {
			isa = PBXGroup;
			children = (
				ED4B606826FF4DFA005A1352 /* Translates.app */,
			);
			name = Products;
			sourceTree = "<group>";
		};
		ED4B606A26FF4DFA005A1352 /* Translates */ = {
			isa = PBXGroup;
			children = (
				ED4B608926FF6E89005A1352 /* Application */,
				ED4B608826FF6E5D005A1352 /* Resources */,
				ED4B60F426FF748E005A1352 /* Managers */,
				ED4B608A26FF6EE9005A1352 /* Source */,
				ED4B609026FF6F43005A1352 /* Factories */,
				ED4B609326FF6F6D005A1352 /* Flows */,
			);
			path = Translates;
			sourceTree = "<group>";
		};
		ED4B608826FF6E5D005A1352 /* Resources */ = {
			isa = PBXGroup;
			children = (
				ED4B607626FF4DFE005A1352 /* Info.plist */,
				ED4B607126FF4DFE005A1352 /* Assets.xcassets */,
				ED4B60E726FF73A0005A1352 /* Localizable.strings */,
			);
			path = Resources;
			sourceTree = "<group>";
		};
		ED4B608926FF6E89005A1352 /* Application */ = {
			isa = PBXGroup;
			children = (
				ED4B60BF26FF7229005A1352 /* AppDelegate.swift */,
				ED4B607326FF4DFE005A1352 /* LaunchScreen.storyboard */,
			);
			path = Application;
			sourceTree = "<group>";
		};
		ED4B608A26FF6EE9005A1352 /* Source */ = {
			isa = PBXGroup;
			children = (
				ED4B60E026FF7354005A1352 /* UIKit */,
				ED4B608B26FF6F00005A1352 /* Common */,
			);
			path = Source;
			sourceTree = "<group>";
		};
		ED4B608B26FF6F00005A1352 /* Common */ = {
			isa = PBXGroup;
			children = (
				ED4B608C26FF6F0C005A1352 /* Base */,
				ED4B608D26FF6F13005A1352 /* Protocol */,
				ED4B608E26FF6F23005A1352 /* Extensions */,
				ED4B608F26FF6F31005A1352 /* Helpers */,
			);
			path = Common;
			sourceTree = "<group>";
		};
		ED4B608C26FF6F0C005A1352 /* Base */ = {
			isa = PBXGroup;
			children = (
				ED4B60A326FF7089005A1352 /* Router.swift */,
				ED4B60A526FF7089005A1352 /* BaseCoordinator.swift */,
			);
			path = Base;
			sourceTree = "<group>";
		};
		ED4B608D26FF6F13005A1352 /* Protocol */ = {
			isa = PBXGroup;
			children = (
				ED4B609D26FF7089005A1352 /* Routable.swift */,
				ED4B609E26FF7089005A1352 /* Presentable.swift */,
				ED4B60A026FF7089005A1352 /* Coordinatable.swift */,
				ED4B60A826FF7089005A1352 /* BaseViewProtocol.swift */,
			);
			path = Protocol;
			sourceTree = "<group>";
		};
		ED4B608E26FF6F23005A1352 /* Extensions */ = {
			isa = PBXGroup;
			children = (
				ED4B60D126FF72B9005A1352 /* UIView+Extensions.swift */,
				ED4B60D426FF72B9005A1352 /* UINavigatoionBar+Extension.swift */,
				ED4B60E626FF73A0005A1352 /* UIViewController+Extension.swift */,
				ED4B60E826FF73A0005A1352 /* String+Extension.swift */,
			);
			path = Extensions;
			sourceTree = "<group>";
		};
		ED4B608F26FF6F31005A1352 /* Helpers */ = {
			isa = PBXGroup;
			children = (
				ED4B60A126FF7089005A1352 /* Blocks.swift */,
				ED4B60D626FF72B9005A1352 /* Colors.swift */,
			);
			path = Helpers;
			sourceTree = "<group>";
		};
		ED4B609026FF6F43005A1352 /* Factories */ = {
			isa = PBXGroup;
			children = (
				ED4B609126FF6F57005A1352 /* Coordinator */,
				ED4B609226FF6F5D005A1352 /* Modules */,
			);
			path = Factories;
			sourceTree = "<group>";
		};
		ED4B609126FF6F57005A1352 /* Coordinator */ = {
			isa = PBXGroup;
			children = (
				ED4B609A26FF7089005A1352 /* CoordinatorFactoryProtocol.swift */,
				ED4B60A726FF7089005A1352 /* CoordinatorFactory.swift */,
			);
			path = Coordinator;
			sourceTree = "<group>";
		};
		ED4B609226FF6F5D005A1352 /* Modules */ = {
			isa = PBXGroup;
			children = (
				ED4B609F26FF7089005A1352 /* RootFactory.swift */,
				ED4B60A226FF7089005A1352 /* ModulesFactory.swift */,
			);
			path = Modules;
			sourceTree = "<group>";
		};
		ED4B609326FF6F6D005A1352 /* Flows */ = {
			isa = PBXGroup;
			children = (
				ED4B609926FF7089005A1352 /* AppCoordinator.swift */,
				ED4B609426FF6F8E005A1352 /* Base */,
				ED4B609826FF7066005A1352 /* TranslatesCoordinator */,
			);
			path = Flows;
			sourceTree = "<group>";
		};
		ED4B609426FF6F8E005A1352 /* Base */ = {
			isa = PBXGroup;
			children = (
				ED4B60D526FF72B9005A1352 /* BaseNavigationController.swift */,
				ED4B60E426FF73A0005A1352 /* BaseViewController.swift */,
				ED4B609526FF6F97005A1352 /* Protocols */,
			);
			path = Base;
			sourceTree = "<group>";
		};
		ED4B609526FF6F97005A1352 /* Protocols */ = {
			isa = PBXGroup;
			children = (
				ED4B60D326FF72B9005A1352 /* BasePresenterOutput.swift */,
			);
			path = Protocols;
			sourceTree = "<group>";
		};
		ED4B609826FF7066005A1352 /* TranslatesCoordinator */ = {
			isa = PBXGroup;
			children = (
				ED4B60A626FF7089005A1352 /* RootCoordinator.swift */,
				ED4B60A426FF7089005A1352 /* RootCoordinatorOutput.swift */,
				ED4B60BD26FF7204005A1352 /* Translates */,
			);
			path = TranslatesCoordinator;
			sourceTree = "<group>";
		};
		ED4B60BD26FF7204005A1352 /* Translates */ = {
			isa = PBXGroup;
			children = (
				ED4B609B26FF7089005A1352 /* MainViewProtocol.swift */,
				ED4B609C26FF7089005A1352 /* MainViewController.swift */,
			);
			path = Translates;
			sourceTree = "<group>";
		};
		ED4B60E026FF7354005A1352 /* UIKit */ = {
			isa = PBXGroup;
			children = (
				ED4B60E226FF7364005A1352 /* Base */,
				ED4B60E126FF735D005A1352 /* NavigationBar */,
			);
			path = UIKit;
			sourceTree = "<group>";
		};
		ED4B60E126FF735D005A1352 /* NavigationBar */ = {
			isa = PBXGroup;
			children = (
				ED4B60D226FF72B9005A1352 /* NavigationTitleView.swift */,
			);
			path = NavigationBar;
			sourceTree = "<group>";
		};
		ED4B60E226FF7364005A1352 /* Base */ = {
			isa = PBXGroup;
			children = (
				ED4B60D726FF72B9005A1352 /* BaseView.swift */,
			);
			path = Base;
			sourceTree = "<group>";
		};
		ED4B60F426FF748E005A1352 /* Managers */ = {
			isa = PBXGroup;
			children = (
				ED4B60EF26FF7461005A1352 /* NavigationItemManager.swift */,
			);
			path = Managers;
			sourceTree = "<group>";
		};
/* End PBXGroup section */

/* Begin PBXNativeTarget section */
		ED4B606726FF4DFA005A1352 /* Translates */ = {
			isa = PBXNativeTarget;
			buildConfigurationList = ED4B607926FF4DFE005A1352 /* Build configuration list for PBXNativeTarget "Translates" */;
			buildPhases = (
				02EF28A560DA23508E1113D8 /* [CP] Check Pods Manifest.lock */,
				ED4B606426FF4DFA005A1352 /* Sources */,
				ED4B606526FF4DFA005A1352 /* Frameworks */,
				ED4B606626FF4DFA005A1352 /* Resources */,
				9700EB5160293A3D215DF7BA /* [CP] Embed Pods Frameworks */,
			);
			buildRules = (
			);
			dependencies = (
			);
			name = Translates;
			productName = Translates;
			productReference = ED4B606826FF4DFA005A1352 /* Translates.app */;
			productType = "com.apple.product-type.application";
		};
/* End PBXNativeTarget section */

/* Begin PBXProject section */
		ED4B606026FF4DFA005A1352 /* Project object */ = {
			isa = PBXProject;
			attributes = {
				LastSwiftUpdateCheck = 1240;
				LastUpgradeCheck = 1240;
				TargetAttributes = {
					ED4B606726FF4DFA005A1352 = {
						CreatedOnToolsVersion = 12.4;
					};
				};
			};
			buildConfigurationList = ED4B606326FF4DFA005A1352 /* Build configuration list for PBXProject "Translates" */;
			compatibilityVersion = "Xcode 9.3";
			developmentRegion = en;
			hasScannedForEncodings = 0;
			knownRegions = (
				en,
				Base,
			);
			mainGroup = ED4B605F26FF4DFA005A1352;
			productRefGroup = ED4B606926FF4DFA005A1352 /* Products */;
			projectDirPath = "";
			projectRoot = "";
			targets = (
				ED4B606726FF4DFA005A1352 /* Translates */,
			);
		};
/* End PBXProject section */

/* Begin PBXResourcesBuildPhase section */
		ED4B606626FF4DFA005A1352 /* Resources */ = {
			isa = PBXResourcesBuildPhase;
			buildActionMask = 2147483647;
			files = (
				ED4B607226FF4DFE005A1352 /* Assets.xcassets in Resources */,
				ED4B60EC26FF73A0005A1352 /* Localizable.strings in Resources */,
				ED4B607526FF4DFE005A1352 /* LaunchScreen.storyboard in Resources */,
			);
			runOnlyForDeploymentPostprocessing = 0;
		};
/* End PBXResourcesBuildPhase section */

/* Begin PBXShellScriptBuildPhase section */
		02EF28A560DA23508E1113D8 /* [CP] Check Pods Manifest.lock */ = {
			isa = PBXShellScriptBuildPhase;
			buildActionMask = 2147483647;
			files = (
			);
			inputFileListPaths = (
			);
			inputPaths = (
				"${PODS_PODFILE_DIR_PATH}/Podfile.lock",
				"${PODS_ROOT}/Manifest.lock",
			);
			name = "[CP] Check Pods Manifest.lock";
			outputFileListPaths = (
			);
			outputPaths = (
				"$(DERIVED_FILE_DIR)/Pods-Translates-checkManifestLockResult.txt",
			);
			runOnlyForDeploymentPostprocessing = 0;
			shellPath = /bin/sh;
			shellScript = "diff \"${PODS_PODFILE_DIR_PATH}/Podfile.lock\" \"${PODS_ROOT}/Manifest.lock\" > /dev/null\nif [ $? != 0 ] ; then\n    # print error to STDERR\n    echo \"error: The sandbox is not in sync with the Podfile.lock. Run 'pod install' or update your CocoaPods installation.\" >&2\n    exit 1\nfi\n# This output is used by Xcode 'outputs' to avoid re-running this script phase.\necho \"SUCCESS\" > \"${SCRIPT_OUTPUT_FILE_0}\"\n";
			showEnvVarsInLog = 0;
		};
		9700EB5160293A3D215DF7BA /* [CP] Embed Pods Frameworks */ = {
			isa = PBXShellScriptBuildPhase;
			buildActionMask = 2147483647;
			files = (
			);
			inputFileListPaths = (
				"${PODS_ROOT}/Target Support Files/Pods-Translates/Pods-Translates-frameworks-${CONFIGURATION}-input-files.xcfilelist",
			);
			name = "[CP] Embed Pods Frameworks";
			outputFileListPaths = (
				"${PODS_ROOT}/Target Support Files/Pods-Translates/Pods-Translates-frameworks-${CONFIGURATION}-output-files.xcfilelist",
			);
			runOnlyForDeploymentPostprocessing = 0;
			shellPath = /bin/sh;
			shellScript = "\"${PODS_ROOT}/Target Support Files/Pods-Translates/Pods-Translates-frameworks.sh\"\n";
			showEnvVarsInLog = 0;
		};
/* End PBXShellScriptBuildPhase section */

/* Begin PBXSourcesBuildPhase section */
		ED4B606426FF4DFA005A1352 /* Sources */ = {
			isa = PBXSourcesBuildPhase;
			buildActionMask = 2147483647;
			files = (
				ED4B60EB26FF73A0005A1352 /* UIViewController+Extension.swift in Sources */,
				ED4B60AF26FF7089005A1352 /* RootFactory.swift in Sources */,
				ED4B60B226FF7089005A1352 /* ModulesFactory.swift in Sources */,
				ED4B60AA26FF7089005A1352 /* CoordinatorFactoryProtocol.swift in Sources */,
				ED4B60AD26FF7089005A1352 /* Routable.swift in Sources */,
				ED4B60DA26FF72B9005A1352 /* BasePresenterOutput.swift in Sources */,
				ED4B60B326FF7089005A1352 /* Router.swift in Sources */,
				ED4B60A926FF7089005A1352 /* AppCoordinator.swift in Sources */,
				ED4B60ED26FF73A0005A1352 /* String+Extension.swift in Sources */,
				ED4B60B626FF7089005A1352 /* RootCoordinator.swift in Sources */,
				ED4B60B026FF7089005A1352 /* Coordinatable.swift in Sources */,
				ED4B60AB26FF7089005A1352 /* MainViewProtocol.swift in Sources */,
				ED4B60B126FF7089005A1352 /* Blocks.swift in Sources */,
				ED4B60B426FF7089005A1352 /* RootCoordinatorOutput.swift in Sources */,
				ED4B60C026FF7229005A1352 /* AppDelegate.swift in Sources */,
				ED4B60DD26FF72B9005A1352 /* Colors.swift in Sources */,
				ED4B60D826FF72B9005A1352 /* UIView+Extensions.swift in Sources */,
				ED4B60DE26FF72B9005A1352 /* BaseView.swift in Sources */,
				ED4B60B526FF7089005A1352 /* BaseCoordinator.swift in Sources */,
				ED4B60DB26FF72B9005A1352 /* UINavigatoionBar+Extension.swift in Sources */,
				ED4B60AC26FF7089005A1352 /* MainViewController.swift in Sources */,
				ED4B60AE26FF7089005A1352 /* Presentable.swift in Sources */,
				ED4B60E926FF73A0005A1352 /* BaseViewController.swift in Sources */,
				ED4B60DC26FF72B9005A1352 /* BaseNavigationController.swift in Sources */,
				ED4B60B726FF7089005A1352 /* CoordinatorFactory.swift in Sources */,
				ED4B60D926FF72B9005A1352 /* NavigationTitleView.swift in Sources */,
				ED4B60B826FF7089005A1352 /* BaseViewProtocol.swift in Sources */,
				ED4B60F126FF7461005A1352 /* NavigationItemManager.swift in Sources */,
			);
			runOnlyForDeploymentPostprocessing = 0;
		};
/* End PBXSourcesBuildPhase section */

/* Begin PBXVariantGroup section */
		ED4B607326FF4DFE005A1352 /* LaunchScreen.storyboard */ = {
			isa = PBXVariantGroup;
			children = (
				ED4B607426FF4DFE005A1352 /* Base */,
			);
			name = LaunchScreen.storyboard;
			sourceTree = "<group>";
		};
/* End PBXVariantGroup section */

/* Begin XCBuildConfiguration section */
		ED4B607726FF4DFE005A1352 /* Debug */ = {
			isa = XCBuildConfiguration;
			buildSettings = {
				ALWAYS_SEARCH_USER_PATHS = NO;
				CLANG_ANALYZER_NONNULL = YES;
				CLANG_ANALYZER_NUMBER_OBJECT_CONVERSION = YES_AGGRESSIVE;
				CLANG_CXX_LANGUAGE_STANDARD = "gnu++14";
				CLANG_CXX_LIBRARY = "libc++";
				CLANG_ENABLE_MODULES = YES;
				CLANG_ENABLE_OBJC_ARC = YES;
				CLANG_ENABLE_OBJC_WEAK = YES;
				CLANG_WARN_BLOCK_CAPTURE_AUTORELEASING = YES;
				CLANG_WARN_BOOL_CONVERSION = YES;
				CLANG_WARN_COMMA = YES;
				CLANG_WARN_CONSTANT_CONVERSION = YES;
				CLANG_WARN_DEPRECATED_OBJC_IMPLEMENTATIONS = YES;
				CLANG_WARN_DIRECT_OBJC_ISA_USAGE = YES_ERROR;
				CLANG_WARN_DOCUMENTATION_COMMENTS = YES;
				CLANG_WARN_EMPTY_BODY = YES;
				CLANG_WARN_ENUM_CONVERSION = YES;
				CLANG_WARN_INFINITE_RECURSION = YES;
				CLANG_WARN_INT_CONVERSION = YES;
				CLANG_WARN_NON_LITERAL_NULL_CONVERSION = YES;
				CLANG_WARN_OBJC_IMPLICIT_RETAIN_SELF = YES;
				CLANG_WARN_OBJC_LITERAL_CONVERSION = YES;
				CLANG_WARN_OBJC_ROOT_CLASS = YES_ERROR;
				CLANG_WARN_QUOTED_INCLUDE_IN_FRAMEWORK_HEADER = YES;
				CLANG_WARN_RANGE_LOOP_ANALYSIS = YES;
				CLANG_WARN_STRICT_PROTOTYPES = YES;
				CLANG_WARN_SUSPICIOUS_MOVE = YES;
				CLANG_WARN_UNGUARDED_AVAILABILITY = YES_AGGRESSIVE;
				CLANG_WARN_UNREACHABLE_CODE = YES;
				CLANG_WARN__DUPLICATE_METHOD_MATCH = YES;
				COPY_PHASE_STRIP = NO;
				DEBUG_INFORMATION_FORMAT = dwarf;
				ENABLE_STRICT_OBJC_MSGSEND = YES;
				ENABLE_TESTABILITY = YES;
				GCC_C_LANGUAGE_STANDARD = gnu11;
				GCC_DYNAMIC_NO_PIC = NO;
				GCC_NO_COMMON_BLOCKS = YES;
				GCC_OPTIMIZATION_LEVEL = 0;
				GCC_PREPROCESSOR_DEFINITIONS = (
					"DEBUG=1",
					"$(inherited)",
				);
				GCC_WARN_64_TO_32_BIT_CONVERSION = YES;
				GCC_WARN_ABOUT_RETURN_TYPE = YES_ERROR;
				GCC_WARN_UNDECLARED_SELECTOR = YES;
				GCC_WARN_UNINITIALIZED_AUTOS = YES_AGGRESSIVE;
				GCC_WARN_UNUSED_FUNCTION = YES;
				GCC_WARN_UNUSED_VARIABLE = YES;
				IPHONEOS_DEPLOYMENT_TARGET = 12.1;
				MTL_ENABLE_DEBUG_INFO = INCLUDE_SOURCE;
				MTL_FAST_MATH = YES;
				ONLY_ACTIVE_ARCH = YES;
				SDKROOT = iphoneos;
				SWIFT_ACTIVE_COMPILATION_CONDITIONS = DEBUG;
				SWIFT_OPTIMIZATION_LEVEL = "-Onone";
			};
			name = Debug;
		};
		ED4B607826FF4DFE005A1352 /* Release */ = {
			isa = XCBuildConfiguration;
			buildSettings = {
				ALWAYS_SEARCH_USER_PATHS = NO;
				CLANG_ANALYZER_NONNULL = YES;
				CLANG_ANALYZER_NUMBER_OBJECT_CONVERSION = YES_AGGRESSIVE;
				CLANG_CXX_LANGUAGE_STANDARD = "gnu++14";
				CLANG_CXX_LIBRARY = "libc++";
				CLANG_ENABLE_MODULES = YES;
				CLANG_ENABLE_OBJC_ARC = YES;
				CLANG_ENABLE_OBJC_WEAK = YES;
				CLANG_WARN_BLOCK_CAPTURE_AUTORELEASING = YES;
				CLANG_WARN_BOOL_CONVERSION = YES;
				CLANG_WARN_COMMA = YES;
				CLANG_WARN_CONSTANT_CONVERSION = YES;
				CLANG_WARN_DEPRECATED_OBJC_IMPLEMENTATIONS = YES;
				CLANG_WARN_DIRECT_OBJC_ISA_USAGE = YES_ERROR;
				CLANG_WARN_DOCUMENTATION_COMMENTS = YES;
				CLANG_WARN_EMPTY_BODY = YES;
				CLANG_WARN_ENUM_CONVERSION = YES;
				CLANG_WARN_INFINITE_RECURSION = YES;
				CLANG_WARN_INT_CONVERSION = YES;
				CLANG_WARN_NON_LITERAL_NULL_CONVERSION = YES;
				CLANG_WARN_OBJC_IMPLICIT_RETAIN_SELF = YES;
				CLANG_WARN_OBJC_LITERAL_CONVERSION = YES;
				CLANG_WARN_OBJC_ROOT_CLASS = YES_ERROR;
				CLANG_WARN_QUOTED_INCLUDE_IN_FRAMEWORK_HEADER = YES;
				CLANG_WARN_RANGE_LOOP_ANALYSIS = YES;
				CLANG_WARN_STRICT_PROTOTYPES = YES;
				CLANG_WARN_SUSPICIOUS_MOVE = YES;
				CLANG_WARN_UNGUARDED_AVAILABILITY = YES_AGGRESSIVE;
				CLANG_WARN_UNREACHABLE_CODE = YES;
				CLANG_WARN__DUPLICATE_METHOD_MATCH = YES;
				COPY_PHASE_STRIP = NO;
				DEBUG_INFORMATION_FORMAT = "dwarf-with-dsym";
				ENABLE_NS_ASSERTIONS = NO;
				ENABLE_STRICT_OBJC_MSGSEND = YES;
				GCC_C_LANGUAGE_STANDARD = gnu11;
				GCC_NO_COMMON_BLOCKS = YES;
				GCC_WARN_64_TO_32_BIT_CONVERSION = YES;
				GCC_WARN_ABOUT_RETURN_TYPE = YES_ERROR;
				GCC_WARN_UNDECLARED_SELECTOR = YES;
				GCC_WARN_UNINITIALIZED_AUTOS = YES_AGGRESSIVE;
				GCC_WARN_UNUSED_FUNCTION = YES;
				GCC_WARN_UNUSED_VARIABLE = YES;
				IPHONEOS_DEPLOYMENT_TARGET = 12.1;
				MTL_ENABLE_DEBUG_INFO = NO;
				MTL_FAST_MATH = YES;
				SDKROOT = iphoneos;
				SWIFT_COMPILATION_MODE = wholemodule;
				SWIFT_OPTIMIZATION_LEVEL = "-O";
				VALIDATE_PRODUCT = YES;
			};
			name = Release;
		};
		ED4B607A26FF4DFE005A1352 /* Debug */ = {
			isa = XCBuildConfiguration;
			baseConfigurationReference = 471FF03AEA1743760A8B2D05 /* Pods-Translates.debug.xcconfig */;
			buildSettings = {
				ASSETCATALOG_COMPILER_APPICON_NAME = AppIcon;
				ASSETCATALOG_COMPILER_GLOBAL_ACCENT_COLOR_NAME = AccentColor;
				CODE_SIGN_STYLE = Automatic;
				DEVELOPMENT_TEAM = C9Y2Z2X7Z2;
				INFOPLIST_FILE = "$(SRCROOT)/Translates/Resources/Info.plist";
				IPHONEOS_DEPLOYMENT_TARGET = 12.1;
				LD_RUNPATH_SEARCH_PATHS = (
					"$(inherited)",
					"@executable_path/Frameworks",
				);
				PRODUCT_BUNDLE_IDENTIFIER = snazarov.Translates;
				PRODUCT_NAME = "$(TARGET_NAME)";
				SWIFT_VERSION = 5.0;
				TARGETED_DEVICE_FAMILY = "1,2";
			};
			name = Debug;
		};
		ED4B607B26FF4DFE005A1352 /* Release */ = {
			isa = XCBuildConfiguration;
			baseConfigurationReference = B46451A0E03E9661C246A6E7 /* Pods-Translates.release.xcconfig */;
			buildSettings = {
				ASSETCATALOG_COMPILER_APPICON_NAME = AppIcon;
				ASSETCATALOG_COMPILER_GLOBAL_ACCENT_COLOR_NAME = AccentColor;
				CODE_SIGN_STYLE = Automatic;
				DEVELOPMENT_TEAM = C9Y2Z2X7Z2;
				INFOPLIST_FILE = "$(SRCROOT)/Translates/Resources/Info.plist";
				IPHONEOS_DEPLOYMENT_TARGET = 12.1;
				LD_RUNPATH_SEARCH_PATHS = (
					"$(inherited)",
					"@executable_path/Frameworks",
				);
				PRODUCT_BUNDLE_IDENTIFIER = snazarov.Translates;
				PRODUCT_NAME = "$(TARGET_NAME)";
				SWIFT_VERSION = 5.0;
				TARGETED_DEVICE_FAMILY = "1,2";
			};
			name = Release;
		};
/* End XCBuildConfiguration section */

/* Begin XCConfigurationList section */
		ED4B606326FF4DFA005A1352 /* Build configuration list for PBXProject "Translates" */ = {
			isa = XCConfigurationList;
			buildConfigurations = (
				ED4B607726FF4DFE005A1352 /* Debug */,
				ED4B607826FF4DFE005A1352 /* Release */,
			);
			defaultConfigurationIsVisible = 0;
			defaultConfigurationName = Release;
		};
		ED4B607926FF4DFE005A1352 /* Build configuration list for PBXNativeTarget "Translates" */ = {
			isa = XCConfigurationList;
			buildConfigurations = (
				ED4B607A26FF4DFE005A1352 /* Debug */,
				ED4B607B26FF4DFE005A1352 /* Release */,
			);
			defaultConfigurationIsVisible = 0;
			defaultConfigurationName = Release;
		};
/* End XCConfigurationList section */
	};
	rootObject = ED4B606026FF4DFA005A1352 /* Project object */;
}
